
Microsoft Visual Studio Solution File, Format Version 12.00
# Visual Studio Version 17
VisualStudioVersion = 17.14.37516.0 d17.14
MinimumVisualStudioVersion = 10.0.40219.1
Project("{FAE04EC0-301F-11D3-BF4B-00C04F79EFBC}") = "prototipoum2k26", "prototipoum2k26\prototipoum2k26.csproj", "{2FDC46A8-C068-41EF-A8A3-D1A7A50BD330}"
EndProject
Global
	GlobalSection(SolutionConfigurationPlatforms) = preSolution
		Debug|Any CPU = Debug|Any CPU
		Release|Any CPU = Release|Any CPU
	EndGlobalSection
	GlobalSection(ProjectConfigurationPlatforms) = postSolution
		{2FDC46A8-C068-41EF-A8A3-D1A7A50BD330}.Debug|Any CPU.ActiveCfg = Debug|Any CPU
		{2FDC46A8-C068-41EF-A8A3-D1A7A50BD330}.Debug|Any CPU.Build.0 = Debug|Any CPU
		{2FDC46A8-C068-41EF-A8A3-D1A7A50BD330}.Release|Any CPU.ActiveCfg = Release|Any CPU
		{2FDC46A8-C068-41EF-A8A3-D1A7A50BD330}.Release|Any CPU.Build.0 = Release|Any CPU
	EndGlobalSection
	GlobalSection(SolutionProperties) = preSolution
		HideSolutionNode = FALSE
	EndGlobalSection
	GlobalSection(ExtensibilityGlobals) = postSolution
		SolutionGuid = {472C3E0C-2EB6-43F8-91C2-BBC8525AC95A}
	EndGlobalSection
EndGlobal
